
Microsoft Visual Studio Solution File, Format Version 12.00
# Visual Studio Version 17
VisualStudioVersion = 17.7.34202.233
MinimumVisualStudioVersion = 10.0.40219.1
Project("{FAE04EC0-301F-11D3-BF4B-00C04F79EFBC}") = "Wiseflux", "Wiseflux\Wiseflux.csproj", "{5C304D74-6416-4EB8-8B33-88C4B7455E72}"
EndProject
Global
	GlobalSection(SolutionConfigurationPlatforms) = preSolution
		Debug|Any CPU = Debug|Any CPU
		Release|Any CPU = Release|Any CPU
	EndGlobalSection
	GlobalSection(ProjectConfigurationPlatforms) = postSolution
		{5C304D74-6416-4EB8-8B33-88C4B7455E72}.Debug|Any CPU.ActiveCfg = Debug|Any CPU
		{5C304D74-6416-4EB8-8B33-88C4B7455E72}.Debug|Any CPU.Build.0 = Debug|Any CPU
		{5C304D74-6416-4EB8-8B33-88C4B7455E72}.Release|Any CPU.ActiveCfg = Release|Any CPU
		{5C304D74-6416-4EB8-8B33-88C4B7455E72}.Release|Any CPU.Build.0 = Release|Any CPU
	EndGlobalSection
	GlobalSection(SolutionProperties) = preSolution
		HideSolutionNode = FALSE
	EndGlobalSection
	GlobalSection(ExtensibilityGlobals) = postSolution
		SolutionGuid = {9942F583-92C4-43DD-AA25-F359A5D9B725}
	EndGlobalSection
EndGlobal
